
Microsoft Visual Studio Solution File, Format Version 12.00
# Visual Studio Version 16
VisualStudioVersion = 16.0.30204.135
MinimumVisualStudioVersion = 10.0.40219.1
Project("{FAE04EC0-301F-11D3-BF4B-00C04F79EFBC}") = "BlazorApp1.Server", "Server\BlazorApp1.Server.csproj", "{FCA08927-0937-4D5B-A114-62259313FC79}"
EndProject
Project("{FAE04EC0-301F-11D3-BF4B-00C04F79EFBC}") = "BlazorApp1.Client", "Client\BlazorApp1.Client.csproj", "{3A401EE1-92F6-48D2-9D49-9F5225F80B97}"
EndProject
Project("{FAE04EC0-301F-11D3-BF4B-00C04F79EFBC}") = "BlazorApp1.Shared", "Shared\BlazorApp1.Shared.csproj", "{20AFDA43-942E-4523-9AF6-6A2D377DC900}"
EndProject
Global
	GlobalSection(SolutionConfigurationPlatforms) = preSolution
		Debug|Any CPU = Debug|Any CPU
		Release|Any CPU = Release|Any CPU
	EndGlobalSection
	GlobalSection(ProjectConfigurationPlatforms) = postSolution
		{FCA08927-0937-4D5B-A114-62259313FC79}.Debug|Any CPU.ActiveCfg = Debug|Any CPU
		{FCA08927-0937-4D5B-A114-62259313FC79}.Debug|Any CPU.Build.0 = Debug|Any CPU
		{FCA08927-0937-4D5B-A114-62259313FC79}.Release|Any CPU.ActiveCfg = Release|Any CPU
		{FCA08927-0937-4D5B-A114-62259313FC79}.Release|Any CPU.Build.0 = Release|Any CPU
		{3A401EE1-92F6-48D2-9D49-9F5225F80B97}.Debug|Any CPU.ActiveCfg = Debug|Any CPU
		{3A401EE1-92F6-48D2-9D49-9F5225F80B97}.Debug|Any CPU.Build.0 = Debug|Any CPU
		{3A401EE1-92F6-48D2-9D49-9F5225F80B97}.Release|Any CPU.ActiveCfg = Release|Any CPU
		{3A401EE1-92F6-48D2-9D49-9F5225F80B97}.Release|Any CPU.Build.0 = Release|Any CPU
		{20AFDA43-942E-4523-9AF6-6A2D377DC900}.Debug|Any CPU.ActiveCfg = Debug|Any CPU
		{20AFDA43-942E-4523-9AF6-6A2D377DC900}.Debug|Any CPU.Build.0 = Debug|Any CPU
		{20AFDA43-942E-4523-9AF6-6A2D377DC900}.Release|Any CPU.ActiveCfg = Release|Any CPU
		{20AFDA43-942E-4523-9AF6-6A2D377DC900}.Release|Any CPU.Build.0 = Release|Any CPU
	EndGlobalSection
	GlobalSection(SolutionProperties) = preSolution
		HideSolutionNode = FALSE
	EndGlobalSection
	GlobalSection(ExtensibilityGlobals) = postSolution
		SolutionGuid = {31EFDE36-71C5-43B1-B30F-D347E7DB4172}
	EndGlobalSection
EndGlobal
